
Microsoft Visual Studio Solution File, Format Version 12.00
# Visual Studio Version 17
VisualStudioVersion = 17.4.33103.184
MinimumVisualStudioVersion = 10.0.40219.1
Project("{9A19103F-16F7-4668-BE54-9A1E7A4F7556}") = "ConsoleApp1", "ConsoleApp1.csproj", "{ACC57DDA-CF63-4C5D-981E-B74A88457E36}"
EndProject
Project("{2150E333-8FDC-42A3-9474-1A3956D46DE8}") = "Solution Items", "Solution Items", "{FAC10532-121B-48AE-B2DC-EF471F8EF002}"
EndProject
Global
	GlobalSection(SolutionConfigurationPlatforms) = preSolution
		Debug|Any CPU = Debug|Any CPU
		Release|Any CPU = Release|Any CPU
	EndGlobalSection
	GlobalSection(ProjectConfigurationPlatforms) = postSolution
		{ACC57DDA-CF63-4C5D-981E-B74A88457E36}.Debug|Any CPU.ActiveCfg = Debug|Any CPU
		{ACC57DDA-CF63-4C5D-981E-B74A88457E36}.Debug|Any CPU.Build.0 = Debug|Any CPU
		{ACC57DDA-CF63-4C5D-981E-B74A88457E36}.Release|Any CPU.ActiveCfg = Release|Any CPU
		{ACC57DDA-CF63-4C5D-981E-B74A88457E36}.Release|Any CPU.Build.0 = Release|Any CPU
	EndGlobalSection
	GlobalSection(SolutionProperties) = preSolution
		HideSolutionNode = FALSE
	EndGlobalSection
	GlobalSection(ExtensibilityGlobals) = postSolution
		SolutionGuid = {8A2B2CB3-33EB-46FD-A734-79E48A630D13}
	EndGlobalSection
EndGlobal
